
Microsoft Visual Studio Solution File, Format Version 12.00
# Visual Studio Version 17
VisualStudioVersion = 17.0.31903.59
MinimumVisualStudioVersion = 10.0.40219.1
Project("{FAE04EC0-301F-11D3-BF4B-00C04F79EFBC}") = "LogicLibrary", "LogicLibrary\LogicLibrary.csproj", "{009C9478-77E9-4637-B619-86E29E5A28E8}"
EndProject
Project("{FAE04EC0-301F-11D3-BF4B-00C04F79EFBC}") = "LogicLibary.Tests", "LogicLibary.Tests\LogicLibary.Tests.csproj", "{20412C17-6EFA-4A6C-A7F2-2F34886F34E9}"
EndProject
Project("{FAE04EC0-301F-11D3-BF4B-00C04F79EFBC}") = "Web", "Web\Web.csproj", "{A0BC05CC-B7AB-4441-90B5-4702FDA8DE51}"
EndProject
Global
	GlobalSection(SolutionConfigurationPlatforms) = preSolution
		Debug|Any CPU = Debug|Any CPU
		Release|Any CPU = Release|Any CPU
	EndGlobalSection
	GlobalSection(SolutionProperties) = preSolution
		HideSolutionNode = FALSE
	EndGlobalSection
	GlobalSection(ProjectConfigurationPlatforms) = postSolution
		{009C9478-77E9-4637-B619-86E29E5A28E8}.Debug|Any CPU.ActiveCfg = Debug|Any CPU
		{009C9478-77E9-4637-B619-86E29E5A28E8}.Debug|Any CPU.Build.0 = Debug|Any CPU
		{009C9478-77E9-4637-B619-86E29E5A28E8}.Release|Any CPU.ActiveCfg = Release|Any CPU
		{009C9478-77E9-4637-B619-86E29E5A28E8}.Release|Any CPU.Build.0 = Release|Any CPU
		{20412C17-6EFA-4A6C-A7F2-2F34886F34E9}.Debug|Any CPU.ActiveCfg = Debug|Any CPU
		{20412C17-6EFA-4A6C-A7F2-2F34886F34E9}.Debug|Any CPU.Build.0 = Debug|Any CPU
		{20412C17-6EFA-4A6C-A7F2-2F34886F34E9}.Release|Any CPU.ActiveCfg = Release|Any CPU
		{20412C17-6EFA-4A6C-A7F2-2F34886F34E9}.Release|Any CPU.Build.0 = Release|Any CPU
		{A0BC05CC-B7AB-4441-90B5-4702FDA8DE51}.Debug|Any CPU.ActiveCfg = Debug|Any CPU
		{A0BC05CC-B7AB-4441-90B5-4702FDA8DE51}.Debug|Any CPU.Build.0 = Debug|Any CPU
		{A0BC05CC-B7AB-4441-90B5-4702FDA8DE51}.Release|Any CPU.ActiveCfg = Release|Any CPU
		{A0BC05CC-B7AB-4441-90B5-4702FDA8DE51}.Release|Any CPU.Build.0 = Release|Any CPU
	EndGlobalSection
EndGlobal
